
Microsoft Visual Studio Solution File, Format Version 12.00
# Visual Studio Version 17
VisualStudioVersion = 17.3.32825.248
MinimumVisualStudioVersion = 10.0.40219.1
Project("{FAE04EC0-301F-11D3-BF4B-00C04F79EFBC}") = "BankManagement", "BankManagement.csproj", "{6A2A57E1-22BD-45DD-AE07-ED9B68A71B0A}"
EndProject
Global
	GlobalSection(SolutionConfigurationPlatforms) = preSolution
		Debug|Any CPU = Debug|Any CPU
		Release|Any CPU = Release|Any CPU
	EndGlobalSection
	GlobalSection(ProjectConfigurationPlatforms) = postSolution
		{6A2A57E1-22BD-45DD-AE07-ED9B68A71B0A}.Debug|Any CPU.ActiveCfg = Debug|Any CPU
		{6A2A57E1-22BD-45DD-AE07-ED9B68A71B0A}.Debug|Any CPU.Build.0 = Debug|Any CPU
		{6A2A57E1-22BD-45DD-AE07-ED9B68A71B0A}.Release|Any CPU.ActiveCfg = Release|Any CPU
		{6A2A57E1-22BD-45DD-AE07-ED9B68A71B0A}.Release|Any CPU.Build.0 = Release|Any CPU
	EndGlobalSection
	GlobalSection(SolutionProperties) = preSolution
		HideSolutionNode = FALSE
	EndGlobalSection
	GlobalSection(ExtensibilityGlobals) = postSolution
		SolutionGuid = {65AB1F79-DE92-4526-B7B8-7C560A7C3760}
	EndGlobalSection
EndGlobal
